
Microsoft Visual Studio Solution File, Format Version 12.00
# Visual Studio Version 16
VisualStudioVersion = 16.0.31515.178
MinimumVisualStudioVersion = 10.0.40219.1
Project("{FAE04EC0-301F-11D3-BF4B-00C04F79EFBC}") = "ABCAutomotive", "ABCAutomotive\ABCAutomotive.csproj", "{3CFAEC33-B5B6-4638-BD64-BD5F0A0CD16E}"
EndProject
Global
	GlobalSection(SolutionConfigurationPlatforms) = preSolution
		Debug|Any CPU = Debug|Any CPU
		Release|Any CPU = Release|Any CPU
	EndGlobalSection
	GlobalSection(ProjectConfigurationPlatforms) = postSolution
		{3CFAEC33-B5B6-4638-BD64-BD5F0A0CD16E}.Debug|Any CPU.ActiveCfg = Debug|Any CPU
		{3CFAEC33-B5B6-4638-BD64-BD5F0A0CD16E}.Debug|Any CPU.Build.0 = Debug|Any CPU
		{3CFAEC33-B5B6-4638-BD64-BD5F0A0CD16E}.Release|Any CPU.ActiveCfg = Release|Any CPU
		{3CFAEC33-B5B6-4638-BD64-BD5F0A0CD16E}.Release|Any CPU.Build.0 = Release|Any CPU
	EndGlobalSection
	GlobalSection(SolutionProperties) = preSolution
		HideSolutionNode = FALSE
	EndGlobalSection
	GlobalSection(ExtensibilityGlobals) = postSolution
		SolutionGuid = {FEF80152-5A17-4E41-8D0E-F7F0829FE302}
	EndGlobalSection
EndGlobal
